<?xml version="1.0" encoding="UTF-8" standalone="yes" ?>
<CodeBlocks_project_file>
	<FileVersion major="1" minor="6" />
	<Project>
		<Option title="teoConj" />
		<Option pch_mode="2" />
		<Option compiler="gcc" />
		<Build>
			<Target title="Debug">
				<Option output="bin\Debug\teoConj" prefix_auto="1" extension_auto="1" />
				<Option object_output="obj\Debug\" />
				<Option type="1" />
				<Option compiler="gcc" />
				<Compiler>
					<Add option="-g" />
				</Compiler>
			</Target>
			<Target title="Release">
				<Option output="bin\Release\teoConj" prefix_auto="1" extension_auto="1" />
				<Option object_output="obj\Release\" />
				<Option type="1" />
				<Option compiler="gcc" />
				<Compiler>
					<Add option="-O2" />
				</Compiler>
				<Linker>
					<Add option="-s" />
				</Linker>
			</Target>
		</Build>
		<Compiler>
			<Add option="-Wall" />
			<Add option="-fexceptions" />
		</Compiler>
		<Unit filename="Comando.cpp" />
		<Unit filename="Comando.h" />
		<Unit filename="Conjunto.cpp" />
		<Unit filename="Conjunto.h" />
		<Unit filename="Conjuntos.cpp" />
		<Unit filename="Conjuntos.h" />
		<Unit filename="config.cpp" />
		<Unit filename="config.h" />
		<Unit filename="lib\arbol.cpp" />
		<Unit filename="lib\arbol.h" />
		<Unit filename="lib\date.cpp" />
		<Unit filename="lib\date.h" />
		<Unit filename="lib\file.cpp" />
		<Unit filename="lib\file.h" />
		<Unit filename="lib\lista.cpp" />
		<Unit filename="lib\lista.h" />
		<Unit filename="lib\string.cpp" />
		<Unit filename="lib\string.h" />
		<Unit filename="lib\utils.cpp" />
		<Unit filename="lib\utils.h" />
		<Unit filename="main.cpp" />
		<Extensions>
			<code_completion />
			<debugger />
		</Extensions>
	</Project>
</CodeBlocks_project_file>
