<?xml version="1.0" encoding="UTF-8" standalone="yes" ?>
<CodeBlocks_project_file>
	<FileVersion major="1" minor="6" />
	<Project>
		<Option title="teoConj" />
		<Option pch_mode="2" />
		<Option compiler="gcc" />
		<Build>
			<Target title="Debug">
				<Option output="bin\Debug\teoConj" prefix_auto="1" extension_auto="1" />
				<Option object_output="obj\Debug\" />
				<Option type="1" />
				<Option compiler="gcc" />
				<Compiler>
					<Add option="-g" />
				</Compiler>
			</Target>
			<Target title="Release">
				<Option output="bin\Release\teoConj" prefix_auto="1" extension_auto="1" />
				<Option object_output="obj\Release\" />
				<Option type="1" />
				<Option compiler="gcc" />
				<Compiler>
					<Add option="-O2" />
				</Compiler>
				<Linker>
					<Add option="-s" />
				</Linker>
			</Target>
		</Build>
		<Compiler>
			<Add option="-Wall" />
			<Add option="-fexceptions" />
		</Compiler>
		<Unit filename="Comando.cpp" />
		<Unit filename="Comando.h" />
		<Unit filename="Conjunto.cpp" />
		<Unit filename="Conjunto.h" />
		<Unit filename="Conjuntos.cpp" />
		<Unit filename="Conjuntos.h" />
		<Unit filename="Executer.cpp" />
		<Unit filename="Executer.h" />
		<Unit filename="Params.cpp" />
		<Unit filename="Params.h" />
		<Unit filename="common.cpp" />
		<Unit filename="common.h" />
		<Unit filename="lib\arbolint.cpp" />
		<Unit filename="lib\arbolint.h" />
		<Unit filename="lib\file.cpp" />
		<Unit filename="lib\file.h" />
		<Unit filename="lib\listaABB.cpp" />
		<Unit filename="lib\listaABB.h" />
		<Unit filename="lib\listastring.cpp" />
		<Unit filename="lib\listastring.h" />
		<Unit filename="lib\string.cpp" />
		<Unit filename="lib\string.h" />
		<Unit filename="lib\utils.cpp" />
		<Unit filename="lib\utils.h" />
		<Unit filename="main.cpp" />
		<Unit filename="test\test_comando.cpp">
			<Option target="&lt;{~None~}&gt;" />
		</Unit>
		<Unit filename="test\test_conjunto.cpp">
			<Option target="&lt;{~None~}&gt;" />
		</Unit>
		<Unit filename="test\test_conjuntos.cpp">
			<Option target="&lt;{~None~}&gt;" />
		</Unit>
		<Unit filename="test\test_string.cpp">
			<Option target="&lt;{~None~}&gt;" />
		</Unit>
		<Extensions>
			<code_completion />
			<debugger>
				<search_path add="..\..\..\..\..\..\MinGW" />
			</debugger>
			<envvars />
		</Extensions>
	</Project>
</CodeBlocks_project_file>
